
Microsoft Visual Studio Solution File, Format Version 12.00
# Visual Studio Version 17
VisualStudioVersion = 17.3.32922.545
MinimumVisualStudioVersion = 10.0.40219.1
Project("{FAE04EC0-301F-11D3-BF4B-00C04F79EFBC}") = "City", "City\City.csproj", "{5843AC74-56FE-47C8-B46F-696B4D19D506}"
EndProject
Project("{FAE04EC0-301F-11D3-BF4B-00C04F79EFBC}") = "ClassesLibrary", "ClassesLibrary\ClassesLibrary.csproj", "{7CE30ADB-743A-4C2A-8264-588C5C7C4D86}"
EndProject
Project("{FAE04EC0-301F-11D3-BF4B-00C04F79EFBC}") = "ModuleMain", "ModuleMain\ModuleMain.csproj", "{D3694F8F-13C0-4060-8265-343B1FF36501}"
EndProject
Project("{FAE04EC0-301F-11D3-BF4B-00C04F79EFBC}") = "ResourcesLibrary", "ResourcesLibrary\ResourcesLibrary.csproj", "{C8DAFFAF-AE25-4A79-A44E-E83A9EFAD1D2}"
EndProject
Project("{FAE04EC0-301F-11D3-BF4B-00C04F79EFBC}") = "ModuleSettings", "ModuleSettings\ModuleSettings.csproj", "{95AA54B2-47BE-4AE3-BCF9-576CA7C89379}"
EndProject
Project("{FAE04EC0-301F-11D3-BF4B-00C04F79EFBC}") = "ModuleMobile", "ModuleMobile\ModuleMobile.csproj", "{F12B7C64-53DD-48AA-AD44-54858878FB8A}"
EndProject
Project("{FAE04EC0-301F-11D3-BF4B-00C04F79EFBC}") = "WarningDialog", "WarningDialog\WarningDialog.csproj", "{621BDD75-0D60-48A5-AA3F-95556CBE1879}"
EndProject
Project("{FAE04EC0-301F-11D3-BF4B-00C04F79EFBC}") = "ModuleMenu", "ModuleMenu\ModuleMenu.csproj", "{280C5C81-4E03-4530-9439-2EC7D1EA6904}"
EndProject
Global
	GlobalSection(SolutionConfigurationPlatforms) = preSolution
		Debug|Any CPU = Debug|Any CPU
		Release|Any CPU = Release|Any CPU
	EndGlobalSection
	GlobalSection(ProjectConfigurationPlatforms) = postSolution
		{5843AC74-56FE-47C8-B46F-696B4D19D506}.Debug|Any CPU.ActiveCfg = Debug|Any CPU
		{5843AC74-56FE-47C8-B46F-696B4D19D506}.Debug|Any CPU.Build.0 = Debug|Any CPU
		{5843AC74-56FE-47C8-B46F-696B4D19D506}.Release|Any CPU.ActiveCfg = Release|Any CPU
		{5843AC74-56FE-47C8-B46F-696B4D19D506}.Release|Any CPU.Build.0 = Release|Any CPU
		{7CE30ADB-743A-4C2A-8264-588C5C7C4D86}.Debug|Any CPU.ActiveCfg = Debug|Any CPU
		{7CE30ADB-743A-4C2A-8264-588C5C7C4D86}.Debug|Any CPU.Build.0 = Debug|Any CPU
		{7CE30ADB-743A-4C2A-8264-588C5C7C4D86}.Release|Any CPU.ActiveCfg = Release|Any CPU
		{7CE30ADB-743A-4C2A-8264-588C5C7C4D86}.Release|Any CPU.Build.0 = Release|Any CPU
		{D3694F8F-13C0-4060-8265-343B1FF36501}.Debug|Any CPU.ActiveCfg = Debug|Any CPU
		{D3694F8F-13C0-4060-8265-343B1FF36501}.Debug|Any CPU.Build.0 = Debug|Any CPU
		{D3694F8F-13C0-4060-8265-343B1FF36501}.Release|Any CPU.ActiveCfg = Release|Any CPU
		{D3694F8F-13C0-4060-8265-343B1FF36501}.Release|Any CPU.Build.0 = Release|Any CPU
		{C8DAFFAF-AE25-4A79-A44E-E83A9EFAD1D2}.Debug|Any CPU.ActiveCfg = Debug|Any CPU
		{C8DAFFAF-AE25-4A79-A44E-E83A9EFAD1D2}.Debug|Any CPU.Build.0 = Debug|Any CPU
		{C8DAFFAF-AE25-4A79-A44E-E83A9EFAD1D2}.Release|Any CPU.ActiveCfg = Release|Any CPU
		{C8DAFFAF-AE25-4A79-A44E-E83A9EFAD1D2}.Release|Any CPU.Build.0 = Release|Any CPU
		{95AA54B2-47BE-4AE3-BCF9-576CA7C89379}.Debug|Any CPU.ActiveCfg = Debug|Any CPU
		{95AA54B2-47BE-4AE3-BCF9-576CA7C89379}.Debug|Any CPU.Build.0 = Debug|Any CPU
		{95AA54B2-47BE-4AE3-BCF9-576CA7C89379}.Release|Any CPU.ActiveCfg = Release|Any CPU
		{95AA54B2-47BE-4AE3-BCF9-576CA7C89379}.Release|Any CPU.Build.0 = Release|Any CPU
		{F12B7C64-53DD-48AA-AD44-54858878FB8A}.Debug|Any CPU.ActiveCfg = Debug|Any CPU
		{F12B7C64-53DD-48AA-AD44-54858878FB8A}.Debug|Any CPU.Build.0 = Debug|Any CPU
		{F12B7C64-53DD-48AA-AD44-54858878FB8A}.Release|Any CPU.ActiveCfg = Release|Any CPU
		{F12B7C64-53DD-48AA-AD44-54858878FB8A}.Release|Any CPU.Build.0 = Release|Any CPU
		{621BDD75-0D60-48A5-AA3F-95556CBE1879}.Debug|Any CPU.ActiveCfg = Debug|Any CPU
		{621BDD75-0D60-48A5-AA3F-95556CBE1879}.Debug|Any CPU.Build.0 = Debug|Any CPU
		{621BDD75-0D60-48A5-AA3F-95556CBE1879}.Release|Any CPU.ActiveCfg = Release|Any CPU
		{621BDD75-0D60-48A5-AA3F-95556CBE1879}.Release|Any CPU.Build.0 = Release|Any CPU
		{280C5C81-4E03-4530-9439-2EC7D1EA6904}.Debug|Any CPU.ActiveCfg = Debug|Any CPU
		{280C5C81-4E03-4530-9439-2EC7D1EA6904}.Debug|Any CPU.Build.0 = Debug|Any CPU
		{280C5C81-4E03-4530-9439-2EC7D1EA6904}.Release|Any CPU.ActiveCfg = Release|Any CPU
		{280C5C81-4E03-4530-9439-2EC7D1EA6904}.Release|Any CPU.Build.0 = Release|Any CPU
	EndGlobalSection
	GlobalSection(SolutionProperties) = preSolution
		HideSolutionNode = FALSE
	EndGlobalSection
	GlobalSection(ExtensibilityGlobals) = postSolution
		SolutionGuid = {D3916651-8DBD-493B-9BD4-45EA53D363CF}
	EndGlobalSection
EndGlobal
