
Microsoft Visual Studio Solution File, Format Version 12.00
# Visual Studio Version 17
VisualStudioVersion = 17.3.32929.385
MinimumVisualStudioVersion = 10.0.40219.1
Project("{FAE04EC0-301F-11D3-BF4B-00C04F79EFBC}") = "ModuleMenu", "ModuleMenu.csproj", "{D3694F8F-13C0-4060-8265-343B1FF36501}"
EndProject
Global
	GlobalSection(SolutionConfigurationPlatforms) = preSolution
		Debug|Any CPU = Debug|Any CPU
		Release|Any CPU = Release|Any CPU
	EndGlobalSection
	GlobalSection(ProjectConfigurationPlatforms) = postSolution
		{D3694F8F-13C0-4060-8265-343B1FF36501}.Debug|Any CPU.ActiveCfg = Debug|Any CPU
		{D3694F8F-13C0-4060-8265-343B1FF36501}.Debug|Any CPU.Build.0 = Debug|Any CPU
		{D3694F8F-13C0-4060-8265-343B1FF36501}.Release|Any CPU.ActiveCfg = Release|Any CPU
		{D3694F8F-13C0-4060-8265-343B1FF36501}.Release|Any CPU.Build.0 = Release|Any CPU
	EndGlobalSection
	GlobalSection(SolutionProperties) = preSolution
		HideSolutionNode = FALSE
	EndGlobalSection
	GlobalSection(ExtensibilityGlobals) = postSolution
		SolutionGuid = {389380B2-6B2E-46C2-A902-616E8841A9E0}
	EndGlobalSection
EndGlobal
